
Microsoft Visual Studio Solution File, Format Version 12.00
# Visual Studio Version 17
VisualStudioVersion = 17.5.002.0
MinimumVisualStudioVersion = 10.0.40219.1
Project("{9A19103F-16F7-4668-BE54-9A1E7A4F7556}") = "W02.1.C05 Square Pair", "W02.1.C05 Square Pair.csproj", "{77AF178C-EE3A-4B58-B7BB-38DEB663CCCB}"
EndProject
Global
	GlobalSection(SolutionConfigurationPlatforms) = preSolution
		Debug|Any CPU = Debug|Any CPU
		Release|Any CPU = Release|Any CPU
	EndGlobalSection
	GlobalSection(ProjectConfigurationPlatforms) = postSolution
		{77AF178C-EE3A-4B58-B7BB-38DEB663CCCB}.Debug|Any CPU.ActiveCfg = Debug|Any CPU
		{77AF178C-EE3A-4B58-B7BB-38DEB663CCCB}.Debug|Any CPU.Build.0 = Debug|Any CPU
		{77AF178C-EE3A-4B58-B7BB-38DEB663CCCB}.Release|Any CPU.ActiveCfg = Release|Any CPU
		{77AF178C-EE3A-4B58-B7BB-38DEB663CCCB}.Release|Any CPU.Build.0 = Release|Any CPU
	EndGlobalSection
	GlobalSection(SolutionProperties) = preSolution
		HideSolutionNode = FALSE
	EndGlobalSection
	GlobalSection(ExtensibilityGlobals) = postSolution
		SolutionGuid = {5670748A-41B1-430D-9D2E-9AE504D7AFC4}
	EndGlobalSection
EndGlobal
