
Microsoft Visual Studio Solution File, Format Version 12.00
# Visual Studio Version 17
VisualStudioVersion = 17.5.002.0
MinimumVisualStudioVersion = 10.0.40219.1
Project("{9A19103F-16F7-4668-BE54-9A1E7A4F7556}") = "W02.1.H03 They’ll only speak of how you coded in Csharp", "W02.1.H03 They’ll only speak of how you coded in Csharp.csproj", "{EA26E381-24F5-41DF-B4F8-B995442CFA1F}"
EndProject
Global
	GlobalSection(SolutionConfigurationPlatforms) = preSolution
		Debug|Any CPU = Debug|Any CPU
		Release|Any CPU = Release|Any CPU
	EndGlobalSection
	GlobalSection(ProjectConfigurationPlatforms) = postSolution
		{EA26E381-24F5-41DF-B4F8-B995442CFA1F}.Debug|Any CPU.ActiveCfg = Debug|Any CPU
		{EA26E381-24F5-41DF-B4F8-B995442CFA1F}.Debug|Any CPU.Build.0 = Debug|Any CPU
		{EA26E381-24F5-41DF-B4F8-B995442CFA1F}.Release|Any CPU.ActiveCfg = Release|Any CPU
		{EA26E381-24F5-41DF-B4F8-B995442CFA1F}.Release|Any CPU.Build.0 = Release|Any CPU
	EndGlobalSection
	GlobalSection(SolutionProperties) = preSolution
		HideSolutionNode = FALSE
	EndGlobalSection
	GlobalSection(ExtensibilityGlobals) = postSolution
		SolutionGuid = {9B3FC33F-1C1E-4B28-87C6-DC8A7737921A}
	EndGlobalSection
EndGlobal
